
Microsoft Visual Studio Solution File, Format Version 12.00
# Visual Studio Version 17
VisualStudioVersion = 17.14.37012.4 d17.14
MinimumVisualStudioVersion = 10.0.40219.1
Project("{FAE04EC0-301F-11D3-BF4B-00C04F79EFBC}") = "Pr7-Part2-PAT", "Pr7-Part2-PAT\Pr7-Part2-PAT.csproj", "{C124A249-5A2A-4290-AA60-0A80E914313E}"
EndProject
Global
	GlobalSection(SolutionConfigurationPlatforms) = preSolution
		Debug|Any CPU = Debug|Any CPU
		Release|Any CPU = Release|Any CPU
	EndGlobalSection
	GlobalSection(ProjectConfigurationPlatforms) = postSolution
		{C124A249-5A2A-4290-AA60-0A80E914313E}.Debug|Any CPU.ActiveCfg = Debug|Any CPU
		{C124A249-5A2A-4290-AA60-0A80E914313E}.Debug|Any CPU.Build.0 = Debug|Any CPU
		{C124A249-5A2A-4290-AA60-0A80E914313E}.Release|Any CPU.ActiveCfg = Release|Any CPU
		{C124A249-5A2A-4290-AA60-0A80E914313E}.Release|Any CPU.Build.0 = Release|Any CPU
	EndGlobalSection
	GlobalSection(SolutionProperties) = preSolution
		HideSolutionNode = FALSE
	EndGlobalSection
	GlobalSection(ExtensibilityGlobals) = postSolution
		SolutionGuid = {131BD212-29FA-417E-AE9B-2D8EAF87C93F}
	EndGlobalSection
EndGlobal
